// !$*UTF8*$!
{
	archiveVersion = 1;
	classes = {
	};
	objectVersion = 60;
	objects = {

/* Begin PBXBuildFile section */
		A10000010000000000000001 /* PortWatchXcodeLauncher.swift in Sources */ = {isa = PBXBuildFile; fileRef = A10000020000000000000001 /* PortWatchXcodeLauncher.swift */; };
		A10000010000000000000002 /* portwatch-icon.png in Resources */ = {isa = PBXBuildFile; fileRef = A10000020000000000000002 /* portwatch-icon.png */; };
		A10000010000000000000003 /* AppIcon.icns in Resources */ = {isa = PBXBuildFile; fileRef = A10000020000000000000003 /* AppIcon.icns */; };
		A10000010000000000000004 /* PortWatchKit in Frameworks */ = {isa = PBXBuildFile; productRef = A10000130000000000000001 /* PortWatchKit */; };
		A10000010000000000000005 /* menu-bar-icon.png in Resources */ = {isa = PBXBuildFile; fileRef = A10000020000000000000005 /* menu-bar-icon.png */; };
/* End PBXBuildFile section */

/* Begin PBXFileReference section */
		A10000020000000000000000 /* PortWatch.app */ = {isa = PBXFileReference; explicitFileType = wrapper.application; includeInIndex = 0; path = PortWatch.app; sourceTree = BUILT_PRODUCTS_DIR; };
		A10000020000000000000001 /* PortWatchXcodeLauncher.swift */ = {isa = PBXFileReference; lastKnownFileType = sourcecode.swift; path = PortWatchXcodeLauncher.swift; sourceTree = "<group>"; };
		A10000020000000000000002 /* portwatch-icon.png */ = {isa = PBXFileReference; lastKnownFileType = image.png; name = "portwatch-icon.png"; path = Assets/portwatch-icon.png; sourceTree = SOURCE_ROOT; };
		A10000020000000000000003 /* AppIcon.icns */ = {isa = PBXFileReference; lastKnownFileType = image.icns; name = AppIcon.icns; path = Assets/AppIcon.icns; sourceTree = SOURCE_ROOT; };
		A10000020000000000000004 /* Info.plist */ = {isa = PBXFileReference; lastKnownFileType = text.plist.xml; path = Info.plist; sourceTree = "<group>"; };
		A10000020000000000000005 /* menu-bar-icon.png */ = {isa = PBXFileReference; lastKnownFileType = image.png; name = "menu-bar-icon.png"; path = Assets/menu-bar-icon.png; sourceTree = SOURCE_ROOT; };
/* End PBXFileReference section */

/* Begin PBXFrameworksBuildPhase section */
		A10000030000000000000000 /* Frameworks */ = {
			isa = PBXFrameworksBuildPhase;
			buildActionMask = 2147483647;
			files = (
				A10000010000000000000004 /* PortWatchKit in Frameworks */,
			);
			runOnlyForDeploymentPostprocessing = 0;
		};
/* End PBXFrameworksBuildPhase section */

/* Begin PBXGroup section */
		A10000040000000000000000 = {
			isa = PBXGroup;
			children = (
				A10000040000000000000001 /* XcodeApp */,
				A10000040000000000000002 /* Products */,
			);
			sourceTree = "<group>";
		};
		A10000040000000000000001 /* XcodeApp */ = {
			isa = PBXGroup;
			children = (
				A10000020000000000000004 /* Info.plist */,
				A10000020000000000000001 /* PortWatchXcodeLauncher.swift */,
				A10000020000000000000002 /* portwatch-icon.png */,
				A10000020000000000000003 /* AppIcon.icns */,
				A10000020000000000000005 /* menu-bar-icon.png */,
			);
			path = XcodeApp;
			sourceTree = "<group>";
		};
		A10000040000000000000002 /* Products */ = {
			isa = PBXGroup;
			children = (
				A10000020000000000000000 /* PortWatch.app */,
			);
			name = Products;
			sourceTree = "<group>";
		};
/* End PBXGroup section */

/* Begin PBXNativeTarget section */
		A10000050000000000000000 /* PortWatch */ = {
			isa = PBXNativeTarget;
			buildConfigurationList = A10000090000000000000001 /* Build configuration list for PBXNativeTarget "PortWatch" */;
			buildPhases = (
				A10000060000000000000000 /* Sources */,
				A10000030000000000000000 /* Frameworks */,
				A10000070000000000000000 /* Resources */,
			);
			buildRules = (
			);
			dependencies = (
			);
			name = PortWatch;
			packageProductDependencies = (
				A10000130000000000000001 /* PortWatchKit */,
			);
			productName = PortWatch;
			productReference = A10000020000000000000000 /* PortWatch.app */;
			productType = "com.apple.product-type.application";
		};
/* End PBXNativeTarget section */

/* Begin PBXProject section */
		A10000080000000000000000 /* Project object */ = {
			isa = PBXProject;
			attributes = {
				BuildIndependentTargetsInParallel = 1;
				LastSwiftUpdateCheck = 2600;
				LastUpgradeCheck = 2600;
				TargetAttributes = {
					A10000050000000000000000 = {
						CreatedOnToolsVersion = 26.3;
					};
				};
			};
			buildConfigurationList = A10000090000000000000000 /* Build configuration list for PBXProject "PortWatch" */;
			compatibilityVersion = "Xcode 14.0";
			developmentRegion = en;
			hasScannedForEncodings = 0;
			knownRegions = (
				en,
				Base,
			);
			mainGroup = A10000040000000000000000;
			packageReferences = (
				A10000120000000000000000 /* XCLocalSwiftPackageReference "." */,
			);
			productRefGroup = A10000040000000000000002 /* Products */;
			projectDirPath = "";
			projectRoot = "";
			targets = (
				A10000050000000000000000 /* PortWatch */,
			);
		};
/* End PBXProject section */

/* Begin PBXResourcesBuildPhase section */
		A10000070000000000000000 /* Resources */ = {
			isa = PBXResourcesBuildPhase;
			buildActionMask = 2147483647;
			files = (
				A10000010000000000000003 /* AppIcon.icns in Resources */,
				A10000010000000000000005 /* menu-bar-icon.png in Resources */,
				A10000010000000000000002 /* portwatch-icon.png in Resources */,
			);
			runOnlyForDeploymentPostprocessing = 0;
		};
/* End PBXResourcesBuildPhase section */

/* Begin PBXSourcesBuildPhase section */
		A10000060000000000000000 /* Sources */ = {
			isa = PBXSourcesBuildPhase;
			buildActionMask = 2147483647;
			files = (
				A10000010000000000000001 /* PortWatchXcodeLauncher.swift in Sources */,
			);
			runOnlyForDeploymentPostprocessing = 0;
		};
/* End PBXSourcesBuildPhase section */

/* Begin XCBuildConfiguration section */
		A100000A0000000000000000 /* Debug */ = {
			isa = XCBuildConfiguration;
			buildSettings = {
				ALWAYS_SEARCH_USER_PATHS = NO;
				CLANG_ENABLE_MODULES = YES;
				CLANG_ENABLE_OBJC_ARC = YES;
				COPY_PHASE_STRIP = NO;
				DEBUG_INFORMATION_FORMAT = dwarf;
				ENABLE_STRICT_OBJC_MSGSEND = YES;
				ENABLE_TESTABILITY = YES;
				GCC_C_LANGUAGE_STANDARD = gnu17;
				GCC_DYNAMIC_NO_PIC = NO;
				GCC_NO_COMMON_BLOCKS = YES;
				GCC_OPTIMIZATION_LEVEL = 0;
				GCC_PREPROCESSOR_DEFINITIONS = (
					"DEBUG=1",
					"$(inherited)",
				);
				MACOSX_DEPLOYMENT_TARGET = 14.0;
				ONLY_ACTIVE_ARCH = YES;
				SDKROOT = macosx;
				SUPPORTED_PLATFORMS = macosx;
				SUPPORTS_MACCATALYST = NO;
				SUPPORTS_MAC_DESIGNED_FOR_IPHONE_IPAD = NO;
				SWIFT_ACTIVE_COMPILATION_CONDITIONS = "DEBUG $(inherited)";
				SWIFT_OPTIMIZATION_LEVEL = "-Onone";
			};
			name = Debug;
		};
		A100000A0000000000000001 /* Release */ = {
			isa = XCBuildConfiguration;
			buildSettings = {
				ALWAYS_SEARCH_USER_PATHS = NO;
				CLANG_ENABLE_MODULES = YES;
				CLANG_ENABLE_OBJC_ARC = YES;
				COPY_PHASE_STRIP = NO;
				DEBUG_INFORMATION_FORMAT = "dwarf-with-dsym";
				ENABLE_NS_ASSERTIONS = NO;
				GCC_C_LANGUAGE_STANDARD = gnu17;
				GCC_NO_COMMON_BLOCKS = YES;
				MACOSX_DEPLOYMENT_TARGET = 14.0;
				SDKROOT = macosx;
				SUPPORTED_PLATFORMS = macosx;
				SUPPORTS_MACCATALYST = NO;
				SUPPORTS_MAC_DESIGNED_FOR_IPHONE_IPAD = NO;
				SWIFT_COMPILATION_MODE = wholemodule;
			};
			name = Release;
		};
		A100000B0000000000000000 /* Debug */ = {
			isa = XCBuildConfiguration;
			buildSettings = {
				CODE_SIGN_IDENTITY = "-";
				CODE_SIGN_STYLE = Manual;
				COMBINE_HIDPI_IMAGES = YES;
				CURRENT_PROJECT_VERSION = 1;
				ENABLE_HARDENED_RUNTIME = NO;
				GENERATE_INFOPLIST_FILE = NO;
				INFOPLIST_FILE = XcodeApp/Info.plist;
				LD_RUNPATH_SEARCH_PATHS = (
					"$(inherited)",
					"@executable_path/../Frameworks",
				);
				MACOSX_DEPLOYMENT_TARGET = 14.0;
				MARKETING_VERSION = 1.0;
				PRODUCT_BUNDLE_IDENTIFIER = com.doit.PortWatch;
				PRODUCT_NAME = "$(TARGET_NAME)";
				SDKROOT = macosx;
				SUPPORTED_PLATFORMS = macosx;
				SUPPORTS_MACCATALYST = NO;
				SUPPORTS_MAC_DESIGNED_FOR_IPHONE_IPAD = NO;
				SWIFT_EMIT_LOC_STRINGS = NO;
				SWIFT_VERSION = 6.0;
			};
			name = Debug;
		};
		A100000B0000000000000001 /* Release */ = {
			isa = XCBuildConfiguration;
			buildSettings = {
				CODE_SIGN_IDENTITY = "-";
				CODE_SIGN_STYLE = Manual;
				COMBINE_HIDPI_IMAGES = YES;
				CURRENT_PROJECT_VERSION = 1;
				ENABLE_HARDENED_RUNTIME = NO;
				GENERATE_INFOPLIST_FILE = NO;
				INFOPLIST_FILE = XcodeApp/Info.plist;
				LD_RUNPATH_SEARCH_PATHS = (
					"$(inherited)",
					"@executable_path/../Frameworks",
				);
				MACOSX_DEPLOYMENT_TARGET = 14.0;
				MARKETING_VERSION = 1.0;
				PRODUCT_BUNDLE_IDENTIFIER = com.doit.PortWatch;
				PRODUCT_NAME = "$(TARGET_NAME)";
				SDKROOT = macosx;
				SUPPORTED_PLATFORMS = macosx;
				SUPPORTS_MACCATALYST = NO;
				SUPPORTS_MAC_DESIGNED_FOR_IPHONE_IPAD = NO;
				SWIFT_EMIT_LOC_STRINGS = NO;
				SWIFT_VERSION = 6.0;
			};
			name = Release;
		};
/* End XCBuildConfiguration section */

/* Begin XCConfigurationList section */
		A10000090000000000000000 /* Build configuration list for PBXProject "PortWatch" */ = {
			isa = XCConfigurationList;
			buildConfigurations = (
				A100000A0000000000000000 /* Debug */,
				A100000A0000000000000001 /* Release */,
			);
			defaultConfigurationIsVisible = 0;
			defaultConfigurationName = Release;
		};
		A10000090000000000000001 /* Build configuration list for PBXNativeTarget "PortWatch" */ = {
			isa = XCConfigurationList;
			buildConfigurations = (
				A100000B0000000000000000 /* Debug */,
				A100000B0000000000000001 /* Release */,
			);
			defaultConfigurationIsVisible = 0;
			defaultConfigurationName = Release;
		};
/* End XCConfigurationList section */

/* Begin XCLocalSwiftPackageReference section */
		A10000120000000000000000 /* XCLocalSwiftPackageReference "." */ = {
			isa = XCLocalSwiftPackageReference;
			relativePath = .;
		};
/* End XCLocalSwiftPackageReference section */

/* Begin XCSwiftPackageProductDependency section */
		A10000130000000000000001 /* PortWatchKit */ = {
			isa = XCSwiftPackageProductDependency;
			productName = PortWatchKit;
		};
/* End XCSwiftPackageProductDependency section */
	};
	rootObject = A10000080000000000000000 /* Project object */;
}
